
Microsoft Visual Studio Solution File, Format Version 12.00
# Visual Studio Version 16
VisualStudioVersion = 16.0.30804.86
MinimumVisualStudioVersion = 10.0.40219.1
Project("{9A19103F-16F7-4668-BE54-9A1E7A4F7556}") = "DataAccess", "DataAccess\DataAccess.csproj", "{40151D23-4724-4A1F-A573-F7097A6A60B8}"
EndProject
Project("{9A19103F-16F7-4668-BE54-9A1E7A4F7556}") = "Entities", "Entities\Entities.csproj", "{9A20F972-D29F-4F70-85BC-DB8C4C537AEE}"
EndProject
Project("{9A19103F-16F7-4668-BE54-9A1E7A4F7556}") = "Business", "Business\Business.csproj", "{405370C1-8F2E-4CDB-8614-A86BF49AE599}"
EndProject
Project("{9A19103F-16F7-4668-BE54-9A1E7A4F7556}") = "ConsoleUI", "ConsoleUI\ConsoleUI.csproj", "{32C5CFCB-B4FD-48D3-9FF7-A9E116D3BF51}"
EndProject
Project("{9A19103F-16F7-4668-BE54-9A1E7A4F7556}") = "Core", "Core\Core.csproj", "{2949FCA3-2683-42E7-BDBA-E80426A62750}"
EndProject
Project("{FAE04EC0-301F-11D3-BF4B-00C04F79EFBC}") = "WebAPI", "WebAPI\WebAPI.csproj", "{C3071D96-1AD4-409F-88BC-DE700591E1AE}"
EndProject
Global
	GlobalSection(SolutionConfigurationPlatforms) = preSolution
		Debug|Any CPU = Debug|Any CPU
		Release|Any CPU = Release|Any CPU
	EndGlobalSection
	GlobalSection(ProjectConfigurationPlatforms) = postSolution
		{40151D23-4724-4A1F-A573-F7097A6A60B8}.Debug|Any CPU.ActiveCfg = Debug|Any CPU
		{40151D23-4724-4A1F-A573-F7097A6A60B8}.Debug|Any CPU.Build.0 = Debug|Any CPU
		{40151D23-4724-4A1F-A573-F7097A6A60B8}.Release|Any CPU.ActiveCfg = Release|Any CPU
		{40151D23-4724-4A1F-A573-F7097A6A60B8}.Release|Any CPU.Build.0 = Release|Any CPU
		{9A20F972-D29F-4F70-85BC-DB8C4C537AEE}.Debug|Any CPU.ActiveCfg = Debug|Any CPU
		{9A20F972-D29F-4F70-85BC-DB8C4C537AEE}.Debug|Any CPU.Build.0 = Debug|Any CPU
		{9A20F972-D29F-4F70-85BC-DB8C4C537AEE}.Release|Any CPU.ActiveCfg = Release|Any CPU
		{9A20F972-D29F-4F70-85BC-DB8C4C537AEE}.Release|Any CPU.Build.0 = Release|Any CPU
		{405370C1-8F2E-4CDB-8614-A86BF49AE599}.Debug|Any CPU.ActiveCfg = Debug|Any CPU
		{405370C1-8F2E-4CDB-8614-A86BF49AE599}.Debug|Any CPU.Build.0 = Debug|Any CPU
		{405370C1-8F2E-4CDB-8614-A86BF49AE599}.Release|Any CPU.ActiveCfg = Release|Any CPU
		{405370C1-8F2E-4CDB-8614-A86BF49AE599}.Release|Any CPU.Build.0 = Release|Any CPU
		{32C5CFCB-B4FD-48D3-9FF7-A9E116D3BF51}.Debug|Any CPU.ActiveCfg = Debug|Any CPU
		{32C5CFCB-B4FD-48D3-9FF7-A9E116D3BF51}.Debug|Any CPU.Build.0 = Debug|Any CPU
		{32C5CFCB-B4FD-48D3-9FF7-A9E116D3BF51}.Release|Any CPU.ActiveCfg = Release|Any CPU
		{32C5CFCB-B4FD-48D3-9FF7-A9E116D3BF51}.Release|Any CPU.Build.0 = Release|Any CPU
		{2949FCA3-2683-42E7-BDBA-E80426A62750}.Debug|Any CPU.ActiveCfg = Debug|Any CPU
		{2949FCA3-2683-42E7-BDBA-E80426A62750}.Debug|Any CPU.Build.0 = Debug|Any CPU
		{2949FCA3-2683-42E7-BDBA-E80426A62750}.Release|Any CPU.ActiveCfg = Release|Any CPU
		{2949FCA3-2683-42E7-BDBA-E80426A62750}.Release|Any CPU.Build.0 = Release|Any CPU
		{C3071D96-1AD4-409F-88BC-DE700591E1AE}.Debug|Any CPU.ActiveCfg = Debug|Any CPU
		{C3071D96-1AD4-409F-88BC-DE700591E1AE}.Debug|Any CPU.Build.0 = Debug|Any CPU
		{C3071D96-1AD4-409F-88BC-DE700591E1AE}.Release|Any CPU.ActiveCfg = Release|Any CPU
		{C3071D96-1AD4-409F-88BC-DE700591E1AE}.Release|Any CPU.Build.0 = Release|Any CPU
	EndGlobalSection
	GlobalSection(SolutionProperties) = preSolution
		HideSolutionNode = FALSE
	EndGlobalSection
	GlobalSection(ExtensibilityGlobals) = postSolution
		SolutionGuid = {BFF3AAE0-1EB2-4775-B408-1A438C6D856E}
	EndGlobalSection
EndGlobal
